
Microsoft Visual Studio Solution File, Format Version 12.00
# Visual Studio Version 17
VisualStudioVersion = 17.11.35312.102
MinimumVisualStudioVersion = 10.0.40219.1
Project("{9A19103F-16F7-4668-BE54-9A1E7A4F7556}") = "Week7-Linq", "Week7-Linq\Week7-Linq.csproj", "{24ECCAC5-2B4D-4314-BAC7-AFF0D8D3E1B4}"
EndProject
Project("{9A19103F-16F7-4668-BE54-9A1E7A4F7556}") = "Week7-Patikafy", "Week7-Patikafy\Week7-Patikafy.csproj", "{E1EA95B2-D796-4519-998E-AA1901877613}"
EndProject
Project("{9A19103F-16F7-4668-BE54-9A1E7A4F7556}") = "Week7-Patikaflix", "Week7-Patikaflix\Week7-Patikaflix.csproj", "{BB5F86E4-554C-4015-870F-E9137510BED0}"
EndProject
Project("{9A19103F-16F7-4668-BE54-9A1E7A4F7556}") = "Week7-LinqJoin", "Week7-LinqJoin\Week7-LinqJoin.csproj", "{0CB9E0DC-269F-455F-84FC-7E40ED228CBD}"
EndProject
Project("{9A19103F-16F7-4668-BE54-9A1E7A4F7556}") = "Week7-GroupJoin", "Week7-GroupJoin\Week7-GroupJoin.csproj", "{307B07D0-A5C6-4A14-B8BF-FB84F8E943DA}"
EndProject
Project("{9A19103F-16F7-4668-BE54-9A1E7A4F7556}") = "Week7-SqlConnectıon", "Week7-SqlConnectıon\Week7-SqlConnectıon.csproj", "{7BA90DCD-68C9-4C0A-B662-6FFA273F065C}"
EndProject
Project("{9A19103F-16F7-4668-BE54-9A1E7A4F7556}") = "Week8-EmptyMvc", "Week8-EmptyMvc\Week8-EmptyMvc.csproj", "{2BBFCF8A-2721-4A65-A094-C135E0BC156D}"
EndProject
Project("{9A19103F-16F7-4668-BE54-9A1E7A4F7556}") = "FirstMvcProject", "FirstMvcProject\FirstMvcProject.csproj", "{D4F59D79-F6E5-48AB-A715-A594C235A733}"
EndProject
Project("{FAE04EC0-301F-11D3-BF4B-00C04F79EFBC}") = "CrazyMusicians", "CrazyMusicians\CrazyMusicians.csproj", "{562F201D-C306-43BC-8CAB-838AE03CD7F2}"
EndProject
Global
	GlobalSection(SolutionConfigurationPlatforms) = preSolution
		Debug|Any CPU = Debug|Any CPU
		Release|Any CPU = Release|Any CPU
	EndGlobalSection
	GlobalSection(ProjectConfigurationPlatforms) = postSolution
		{24ECCAC5-2B4D-4314-BAC7-AFF0D8D3E1B4}.Debug|Any CPU.ActiveCfg = Debug|Any CPU
		{24ECCAC5-2B4D-4314-BAC7-AFF0D8D3E1B4}.Debug|Any CPU.Build.0 = Debug|Any CPU
		{24ECCAC5-2B4D-4314-BAC7-AFF0D8D3E1B4}.Release|Any CPU.ActiveCfg = Release|Any CPU
		{24ECCAC5-2B4D-4314-BAC7-AFF0D8D3E1B4}.Release|Any CPU.Build.0 = Release|Any CPU
		{E1EA95B2-D796-4519-998E-AA1901877613}.Debug|Any CPU.ActiveCfg = Debug|Any CPU
		{E1EA95B2-D796-4519-998E-AA1901877613}.Debug|Any CPU.Build.0 = Debug|Any CPU
		{E1EA95B2-D796-4519-998E-AA1901877613}.Release|Any CPU.ActiveCfg = Release|Any CPU
		{E1EA95B2-D796-4519-998E-AA1901877613}.Release|Any CPU.Build.0 = Release|Any CPU
		{BB5F86E4-554C-4015-870F-E9137510BED0}.Debug|Any CPU.ActiveCfg = Debug|Any CPU
		{BB5F86E4-554C-4015-870F-E9137510BED0}.Debug|Any CPU.Build.0 = Debug|Any CPU
		{BB5F86E4-554C-4015-870F-E9137510BED0}.Release|Any CPU.ActiveCfg = Release|Any CPU
		{BB5F86E4-554C-4015-870F-E9137510BED0}.Release|Any CPU.Build.0 = Release|Any CPU
		{0CB9E0DC-269F-455F-84FC-7E40ED228CBD}.Debug|Any CPU.ActiveCfg = Debug|Any CPU
		{0CB9E0DC-269F-455F-84FC-7E40ED228CBD}.Debug|Any CPU.Build.0 = Debug|Any CPU
		{0CB9E0DC-269F-455F-84FC-7E40ED228CBD}.Release|Any CPU.ActiveCfg = Release|Any CPU
		{0CB9E0DC-269F-455F-84FC-7E40ED228CBD}.Release|Any CPU.Build.0 = Release|Any CPU
		{307B07D0-A5C6-4A14-B8BF-FB84F8E943DA}.Debug|Any CPU.ActiveCfg = Debug|Any CPU
		{307B07D0-A5C6-4A14-B8BF-FB84F8E943DA}.Debug|Any CPU.Build.0 = Debug|Any CPU
		{307B07D0-A5C6-4A14-B8BF-FB84F8E943DA}.Release|Any CPU.ActiveCfg = Release|Any CPU
		{307B07D0-A5C6-4A14-B8BF-FB84F8E943DA}.Release|Any CPU.Build.0 = Release|Any CPU
		{7BA90DCD-68C9-4C0A-B662-6FFA273F065C}.Debug|Any CPU.ActiveCfg = Debug|Any CPU
		{7BA90DCD-68C9-4C0A-B662-6FFA273F065C}.Debug|Any CPU.Build.0 = Debug|Any CPU
		{7BA90DCD-68C9-4C0A-B662-6FFA273F065C}.Release|Any CPU.ActiveCfg = Release|Any CPU
		{7BA90DCD-68C9-4C0A-B662-6FFA273F065C}.Release|Any CPU.Build.0 = Release|Any CPU
		{2BBFCF8A-2721-4A65-A094-C135E0BC156D}.Debug|Any CPU.ActiveCfg = Debug|Any CPU
		{2BBFCF8A-2721-4A65-A094-C135E0BC156D}.Debug|Any CPU.Build.0 = Debug|Any CPU
		{2BBFCF8A-2721-4A65-A094-C135E0BC156D}.Release|Any CPU.ActiveCfg = Release|Any CPU
		{2BBFCF8A-2721-4A65-A094-C135E0BC156D}.Release|Any CPU.Build.0 = Release|Any CPU
		{D4F59D79-F6E5-48AB-A715-A594C235A733}.Debug|Any CPU.ActiveCfg = Debug|Any CPU
		{D4F59D79-F6E5-48AB-A715-A594C235A733}.Debug|Any CPU.Build.0 = Debug|Any CPU
		{D4F59D79-F6E5-48AB-A715-A594C235A733}.Release|Any CPU.ActiveCfg = Release|Any CPU
		{D4F59D79-F6E5-48AB-A715-A594C235A733}.Release|Any CPU.Build.0 = Release|Any CPU
		{562F201D-C306-43BC-8CAB-838AE03CD7F2}.Debug|Any CPU.ActiveCfg = Debug|Any CPU
		{562F201D-C306-43BC-8CAB-838AE03CD7F2}.Debug|Any CPU.Build.0 = Debug|Any CPU
		{562F201D-C306-43BC-8CAB-838AE03CD7F2}.Release|Any CPU.ActiveCfg = Release|Any CPU
		{562F201D-C306-43BC-8CAB-838AE03CD7F2}.Release|Any CPU.Build.0 = Release|Any CPU
	EndGlobalSection
	GlobalSection(SolutionProperties) = preSolution
		HideSolutionNode = FALSE
	EndGlobalSection
	GlobalSection(ExtensibilityGlobals) = postSolution
		SolutionGuid = {BC55AA36-1C10-4027-9681-B4D89F678DEA}
	EndGlobalSection
EndGlobal
